// !$*UTF8*$!
{
	archiveVersion = 1;
	classes = {
	};
	objectVersion = 50;
	objects = {

/* Begin PBXBuildFile section */
		43B4C1B723BDFCFA0060518C /* AppDelegate.swift in Sources */ = {isa = PBXBuildFile; fileRef = 43B4C1B623BDFCFA0060518C /* AppDelegate.swift */; };
		43B4C1B923BDFCFA0060518C /* SceneDelegate.swift in Sources */ = {isa = PBXBuildFile; fileRef = 43B4C1B823BDFCFA0060518C /* SceneDelegate.swift */; };
		43B4C1BB23BDFCFA0060518C /* ViewController.swift in Sources */ = {isa = PBXBuildFile; fileRef = 43B4C1BA23BDFCFA0060518C /* ViewController.swift */; };
		43B4C1BE23BDFCFA0060518C /* Main.storyboard in Resources */ = {isa = PBXBuildFile; fileRef = 43B4C1BC23BDFCFA0060518C /* Main.storyboard */; };
		43B4C1C123BDFCFA0060518C /* knockknocked.xcdatamodeld in Sources */ = {isa = PBXBuildFile; fileRef = 43B4C1BF23BDFCFA0060518C /* knockknocked.xcdatamodeld */; };
		43B4C1C323BDFCFC0060518C /* Assets.xcassets in Resources */ = {isa = PBXBuildFile; fileRef = 43B4C1C223BDFCFC0060518C /* Assets.xcassets */; };
		43B4C1C623BDFCFC0060518C /* LaunchScreen.storyboard in Resources */ = {isa = PBXBuildFile; fileRef = 43B4C1C423BDFCFC0060518C /* LaunchScreen.storyboard */; };
		43B4C1D123BDFCFC0060518C /* knockknockedTests.swift in Sources */ = {isa = PBXBuildFile; fileRef = 43B4C1D023BDFCFC0060518C /* knockknockedTests.swift */; };
		43B4C1DC23BDFCFC0060518C /* knockknockedUITests.swift in Sources */ = {isa = PBXBuildFile; fileRef = 43B4C1DB23BDFCFC0060518C /* knockknockedUITests.swift */; };
/* End PBXBuildFile section */

/* Begin PBXContainerItemProxy section */
		43B4C1CD23BDFCFC0060518C /* PBXContainerItemProxy */ = {
			isa = PBXContainerItemProxy;
			containerPortal = 43B4C1AB23BDFCFA0060518C /* Project object */;
			proxyType = 1;
			remoteGlobalIDString = 43B4C1B223BDFCFA0060518C;
			remoteInfo = knockknocked;
		};
		43B4C1D823BDFCFC0060518C /* PBXContainerItemProxy */ = {
			isa = PBXContainerItemProxy;
			containerPortal = 43B4C1AB23BDFCFA0060518C /* Project object */;
			proxyType = 1;
			remoteGlobalIDString = 43B4C1B223BDFCFA0060518C;
			remoteInfo = knockknocked;
		};
/* End PBXContainerItemProxy section */

/* Begin PBXFileReference section */
		43B4C1B323BDFCFA0060518C /* knockknocked.app */ = {isa = PBXFileReference; explicitFileType = wrapper.application; includeInIndex = 0; path = knockknocked.app; sourceTree = BUILT_PRODUCTS_DIR; };
		43B4C1B623BDFCFA0060518C /* AppDelegate.swift */ = {isa = PBXFileReference; lastKnownFileType = sourcecode.swift; path = AppDelegate.swift; sourceTree = "<group>"; };
		43B4C1B823BDFCFA0060518C /* SceneDelegate.swift */ = {isa = PBXFileReference; lastKnownFileType = sourcecode.swift; path = SceneDelegate.swift; sourceTree = "<group>"; };
		43B4C1BA23BDFCFA0060518C /* ViewController.swift */ = {isa = PBXFileReference; lastKnownFileType = sourcecode.swift; path = ViewController.swift; sourceTree = "<group>"; };
		43B4C1BD23BDFCFA0060518C /* Base */ = {isa = PBXFileReference; lastKnownFileType = file.storyboard; name = Base; path = Base.lproj/Main.storyboard; sourceTree = "<group>"; };
		43B4C1C023BDFCFA0060518C /* knockknocked.xcdatamodel */ = {isa = PBXFileReference; lastKnownFileType = wrapper.xcdatamodel; path = knockknocked.xcdatamodel; sourceTree = "<group>"; };
		43B4C1C223BDFCFC0060518C /* Assets.xcassets */ = {isa = PBXFileReference; lastKnownFileType = folder.assetcatalog; path = Assets.xcassets; sourceTree = "<group>"; };
		43B4C1C523BDFCFC0060518C /* Base */ = {isa = PBXFileReference; lastKnownFileType = file.storyboard; name = Base; path = Base.lproj/LaunchScreen.storyboard; sourceTree = "<group>"; };
		43B4C1C723BDFCFC0060518C /* Info.plist */ = {isa = PBXFileReference; lastKnownFileType = text.plist.xml; path = Info.plist; sourceTree = "<group>"; };
		43B4C1CC23BDFCFC0060518C /* knockknockedTests.xctest */ = {isa = PBXFileReference; explicitFileType = wrapper.cfbundle; includeInIndex = 0; path = knockknockedTests.xctest; sourceTree = BUILT_PRODUCTS_DIR; };
		43B4C1D023BDFCFC0060518C /* knockknockedTests.swift */ = {isa = PBXFileReference; lastKnownFileType = sourcecode.swift; path = knockknockedTests.swift; sourceTree = "<group>"; };
		43B4C1D223BDFCFC0060518C /* Info.plist */ = {isa = PBXFileReference; lastKnownFileType = text.plist.xml; path = Info.plist; sourceTree = "<group>"; };
		43B4C1D723BDFCFC0060518C /* knockknockedUITests.xctest */ = {isa = PBXFileReference; explicitFileType = wrapper.cfbundle; includeInIndex = 0; path = knockknockedUITests.xctest; sourceTree = BUILT_PRODUCTS_DIR; };
		43B4C1DB23BDFCFC0060518C /* knockknockedUITests.swift */ = {isa = PBXFileReference; lastKnownFileType = sourcecode.swift; path = knockknockedUITests.swift; sourceTree = "<group>"; };
		43B4C1DD23BDFCFD0060518C /* Info.plist */ = {isa = PBXFileReference; lastKnownFileType = text.plist.xml; path = Info.plist; sourceTree = "<group>"; };
/* End PBXFileReference section */

/* Begin PBXFrameworksBuildPhase section */
		43B4C1B023BDFCFA0060518C /* Frameworks */ = {
			isa = PBXFrameworksBuildPhase;
			buildActionMask = 2147483647;
			files = (
			);
			runOnlyForDeploymentPostprocessing = 0;
		};
		43B4C1C923BDFCFC0060518C /* Frameworks */ = {
			isa = PBXFrameworksBuildPhase;
			buildActionMask = 2147483647;
			files = (
			);
			runOnlyForDeploymentPostprocessing = 0;
		};
		43B4C1D423BDFCFC0060518C /* Frameworks */ = {
			isa = PBXFrameworksBuildPhase;
			buildActionMask = 2147483647;
			files = (
			);
			runOnlyForDeploymentPostprocessing = 0;
		};
/* End PBXFrameworksBuildPhase section */

/* Begin PBXGroup section */
		43B4C1AA23BDFCFA0060518C = {
			isa = PBXGroup;
			children = (
				43B4C1B523BDFCFA0060518C /* knockknocked */,
				43B4C1CF23BDFCFC0060518C /* knockknockedTests */,
				43B4C1DA23BDFCFC0060518C /* knockknockedUITests */,
				43B4C1B423BDFCFA0060518C /* Products */,
			);
			sourceTree = "<group>";
		};
		43B4C1B423BDFCFA0060518C /* Products */ = {
			isa = PBXGroup;
			children = (
				43B4C1B323BDFCFA0060518C /* knockknocked.app */,
				43B4C1CC23BDFCFC0060518C /* knockknockedTests.xctest */,
				43B4C1D723BDFCFC0060518C /* knockknockedUITests.xctest */,
			);
			name = Products;
			sourceTree = "<group>";
		};
		43B4C1B523BDFCFA0060518C /* knockknocked */ = {
			isa = PBXGroup;
			children = (
				43B4C1B623BDFCFA0060518C /* AppDelegate.swift */,
				43B4C1B823BDFCFA0060518C /* SceneDelegate.swift */,
				43B4C1BA23BDFCFA0060518C /* ViewController.swift */,
				43B4C1BC23BDFCFA0060518C /* Main.storyboard */,
				43B4C1C223BDFCFC0060518C /* Assets.xcassets */,
				43B4C1C423BDFCFC0060518C /* LaunchScreen.storyboard */,
				43B4C1C723BDFCFC0060518C /* Info.plist */,
				43B4C1BF23BDFCFA0060518C /* knockknocked.xcdatamodeld */,
			);
			path = knockknocked;
			sourceTree = "<group>";
		};
		43B4C1CF23BDFCFC0060518C /* knockknockedTests */ = {
			isa = PBXGroup;
			children = (
				43B4C1D023BDFCFC0060518C /* knockknockedTests.swift */,
				43B4C1D223BDFCFC0060518C /* Info.plist */,
			);
			path = knockknockedTests;
			sourceTree = "<group>";
		};
		43B4C1DA23BDFCFC0060518C /* knockknockedUITests */ = {
			isa = PBXGroup;
			children = (
				43B4C1DB23BDFCFC0060518C /* knockknockedUITests.swift */,
				43B4C1DD23BDFCFD0060518C /* Info.plist */,
			);
			path = knockknockedUITests;
			sourceTree = "<group>";
		};
/* End PBXGroup section */

/* Begin PBXNativeTarget section */
		43B4C1B223BDFCFA0060518C /* knockknocked */ = {
			isa = PBXNativeTarget;
			buildConfigurationList = 43B4C1E023BDFCFD0060518C /* Build configuration list for PBXNativeTarget "knockknocked" */;
			buildPhases = (
				43B4C1AF23BDFCFA0060518C /* Sources */,
				43B4C1B023BDFCFA0060518C /* Frameworks */,
				43B4C1B123BDFCFA0060518C /* Resources */,
			);
			buildRules = (
			);
			dependencies = (
			);
			name = knockknocked;
			productName = knockknocked;
			productReference = 43B4C1B323BDFCFA0060518C /* knockknocked.app */;
			productType = "com.apple.product-type.application";
		};
		43B4C1CB23BDFCFC0060518C /* knockknockedTests */ = {
			isa = PBXNativeTarget;
			buildConfigurationList = 43B4C1E323BDFCFD0060518C /* Build configuration list for PBXNativeTarget "knockknockedTests" */;
			buildPhases = (
				43B4C1C823BDFCFC0060518C /* Sources */,
				43B4C1C923BDFCFC0060518C /* Frameworks */,
				43B4C1CA23BDFCFC0060518C /* Resources */,
			);
			buildRules = (
			);
			dependencies = (
				43B4C1CE23BDFCFC0060518C /* PBXTargetDependency */,
			);
			name = knockknockedTests;
			productName = knockknockedTests;
			productReference = 43B4C1CC23BDFCFC0060518C /* knockknockedTests.xctest */;
			productType = "com.apple.product-type.bundle.unit-test";
		};
		43B4C1D623BDFCFC0060518C /* knockknockedUITests */ = {
			isa = PBXNativeTarget;
			buildConfigurationList = 43B4C1E623BDFCFD0060518C /* Build configuration list for PBXNativeTarget "knockknockedUITests" */;
			buildPhases = (
				43B4C1D323BDFCFC0060518C /* Sources */,
				43B4C1D423BDFCFC0060518C /* Frameworks */,
				43B4C1D523BDFCFC0060518C /* Resources */,
			);
			buildRules = (
			);
			dependencies = (
				43B4C1D923BDFCFC0060518C /* PBXTargetDependency */,
			);
			name = knockknockedUITests;
			productName = knockknockedUITests;
			productReference = 43B4C1D723BDFCFC0060518C /* knockknockedUITests.xctest */;
			productType = "com.apple.product-type.bundle.ui-testing";
		};
/* End PBXNativeTarget section */

/* Begin PBXProject section */
		43B4C1AB23BDFCFA0060518C /* Project object */ = {
			isa = PBXProject;
			attributes = {
				LastSwiftUpdateCheck = 1120;
				LastUpgradeCheck = 1120;
				ORGANIZATIONNAME = knock;
				TargetAttributes = {
					43B4C1B223BDFCFA0060518C = {
						CreatedOnToolsVersion = 11.2.1;
					};
					43B4C1CB23BDFCFC0060518C = {
						CreatedOnToolsVersion = 11.2.1;
						TestTargetID = 43B4C1B223BDFCFA0060518C;
					};
					43B4C1D623BDFCFC0060518C = {
						CreatedOnToolsVersion = 11.2.1;
						TestTargetID = 43B4C1B223BDFCFA0060518C;
					};
				};
			};
			buildConfigurationList = 43B4C1AE23BDFCFA0060518C /* Build configuration list for PBXProject "knockknocked" */;
			compatibilityVersion = "Xcode 9.3";
			developmentRegion = en;
			hasScannedForEncodings = 0;
			knownRegions = (
				en,
				Base,
			);
			mainGroup = 43B4C1AA23BDFCFA0060518C;
			productRefGroup = 43B4C1B423BDFCFA0060518C /* Products */;
			projectDirPath = "";
			projectRoot = "";
			targets = (
				43B4C1B223BDFCFA0060518C /* knockknocked */,
				43B4C1CB23BDFCFC0060518C /* knockknockedTests */,
				43B4C1D623BDFCFC0060518C /* knockknockedUITests */,
			);
		};
/* End PBXProject section */

/* Begin PBXResourcesBuildPhase section */
		43B4C1B123BDFCFA0060518C /* Resources */ = {
			isa = PBXResourcesBuildPhase;
			buildActionMask = 2147483647;
			files = (
				43B4C1C623BDFCFC0060518C /* LaunchScreen.storyboard in Resources */,
				43B4C1C323BDFCFC0060518C /* Assets.xcassets in Resources */,
				43B4C1BE23BDFCFA0060518C /* Main.storyboard in Resources */,
			);
			runOnlyForDeploymentPostprocessing = 0;
		};
		43B4C1CA23BDFCFC0060518C /* Resources */ = {
			isa = PBXResourcesBuildPhase;
			buildActionMask = 2147483647;
			files = (
			);
			runOnlyForDeploymentPostprocessing = 0;
		};
		43B4C1D523BDFCFC0060518C /* Resources */ = {
			isa = PBXResourcesBuildPhase;
			buildActionMask = 2147483647;
			files = (
			);
			runOnlyForDeploymentPostprocessing = 0;
		};
/* End PBXResourcesBuildPhase section */

/* Begin PBXSourcesBuildPhase section */
		43B4C1AF23BDFCFA0060518C /* Sources */ = {
			isa = PBXSourcesBuildPhase;
			buildActionMask = 2147483647;
			files = (
				43B4C1BB23BDFCFA0060518C /* ViewController.swift in Sources */,
				43B4C1B723BDFCFA0060518C /* AppDelegate.swift in Sources */,
				43B4C1C123BDFCFA0060518C /* knockknocked.xcdatamodeld in Sources */,
				43B4C1B923BDFCFA0060518C /* SceneDelegate.swift in Sources */,
			);
			runOnlyForDeploymentPostprocessing = 0;
		};
		43B4C1C823BDFCFC0060518C /* Sources */ = {
			isa = PBXSourcesBuildPhase;
			buildActionMask = 2147483647;
			files = (
				43B4C1D123BDFCFC0060518C /* knockknockedTests.swift in Sources */,
			);
			runOnlyForDeploymentPostprocessing = 0;
		};
		43B4C1D323BDFCFC0060518C /* Sources */ = {
			isa = PBXSourcesBuildPhase;
			buildActionMask = 2147483647;
			files = (
				43B4C1DC23BDFCFC0060518C /* knockknockedUITests.swift in Sources */,
			);
			runOnlyForDeploymentPostprocessing = 0;
		};
/* End PBXSourcesBuildPhase section */

/* Begin PBXTargetDependency section */
		43B4C1CE23BDFCFC0060518C /* PBXTargetDependency */ = {
			isa = PBXTargetDependency;
			target = 43B4C1B223BDFCFA0060518C /* knockknocked */;
			targetProxy = 43B4C1CD23BDFCFC0060518C /* PBXContainerItemProxy */;
		};
		43B4C1D923BDFCFC0060518C /* PBXTargetDependency */ = {
			isa = PBXTargetDependency;
			target = 43B4C1B223BDFCFA0060518C /* knockknocked */;
			targetProxy = 43B4C1D823BDFCFC0060518C /* PBXContainerItemProxy */;
		};
/* End PBXTargetDependency section */

/* Begin PBXVariantGroup section */
		43B4C1BC23BDFCFA0060518C /* Main.storyboard */ = {
			isa = PBXVariantGroup;
			children = (
				43B4C1BD23BDFCFA0060518C /* Base */,
			);
			name = Main.storyboard;
			sourceTree = "<group>";
		};
		43B4C1C423BDFCFC0060518C /* LaunchScreen.storyboard */ = {
			isa = PBXVariantGroup;
			children = (
				43B4C1C523BDFCFC0060518C /* Base */,
			);
			name = LaunchScreen.storyboard;
			sourceTree = "<group>";
		};
/* End PBXVariantGroup section */

/* Begin XCBuildConfiguration section */
		43B4C1DE23BDFCFD0060518C /* Debug */ = {
			isa = XCBuildConfiguration;
			buildSettings = {
				ALWAYS_SEARCH_USER_PATHS = NO;
				CLANG_ANALYZER_NONNULL = YES;
				CLANG_ANALYZER_NUMBER_OBJECT_CONVERSION = YES_AGGRESSIVE;
				CLANG_CXX_LANGUAGE_STANDARD = "gnu++14";
				CLANG_CXX_LIBRARY = "libc++";
				CLANG_ENABLE_MODULES = YES;
				CLANG_ENABLE_OBJC_ARC = YES;
				CLANG_ENABLE_OBJC_WEAK = YES;
				CLANG_WARN_BLOCK_CAPTURE_AUTORELEASING = YES;
				CLANG_WARN_BOOL_CONVERSION = YES;
				CLANG_WARN_COMMA = YES;
				CLANG_WARN_CONSTANT_CONVERSION = YES;
				CLANG_WARN_DEPRECATED_OBJC_IMPLEMENTATIONS = YES;
				CLANG_WARN_DIRECT_OBJC_ISA_USAGE = YES_ERROR;
				CLANG_WARN_DOCUMENTATION_COMMENTS = YES;
				CLANG_WARN_EMPTY_BODY = YES;
				CLANG_WARN_ENUM_CONVERSION = YES;
				CLANG_WARN_INFINITE_RECURSION = YES;
				CLANG_WARN_INT_CONVERSION = YES;
				CLANG_WARN_NON_LITERAL_NULL_CONVERSION = YES;
				CLANG_WARN_OBJC_IMPLICIT_RETAIN_SELF = YES;
				CLANG_WARN_OBJC_LITERAL_CONVERSION = YES;
				CLANG_WARN_OBJC_ROOT_CLASS = YES_ERROR;
				CLANG_WARN_RANGE_LOOP_ANALYSIS = YES;
				CLANG_WARN_STRICT_PROTOTYPES = YES;
				CLANG_WARN_SUSPICIOUS_MOVE = YES;
				CLANG_WARN_UNGUARDED_AVAILABILITY = YES_AGGRESSIVE;
				CLANG_WARN_UNREACHABLE_CODE = YES;
				CLANG_WARN__DUPLICATE_METHOD_MATCH = YES;
				COPY_PHASE_STRIP = NO;
				DEBUG_INFORMATION_FORMAT = dwarf;
				ENABLE_STRICT_OBJC_MSGSEND = YES;
				ENABLE_TESTABILITY = YES;
				GCC_C_LANGUAGE_STANDARD = gnu11;
				GCC_DYNAMIC_NO_PIC = NO;
				GCC_NO_COMMON_BLOCKS = YES;
				GCC_OPTIMIZATION_LEVEL = 0;
				GCC_PREPROCESSOR_DEFINITIONS = (
					"DEBUG=1",
					"$(inherited)",
				);
				GCC_WARN_64_TO_32_BIT_CONVERSION = YES;
				GCC_WARN_ABOUT_RETURN_TYPE = YES_ERROR;
				GCC_WARN_UNDECLARED_SELECTOR = YES;
				GCC_WARN_UNINITIALIZED_AUTOS = YES_AGGRESSIVE;
				GCC_WARN_UNUSED_FUNCTION = YES;
				GCC_WARN_UNUSED_VARIABLE = YES;
				IPHONEOS_DEPLOYMENT_TARGET = 13.2;
				MTL_ENABLE_DEBUG_INFO = INCLUDE_SOURCE;
				MTL_FAST_MATH = YES;
				ONLY_ACTIVE_ARCH = YES;
				SDKROOT = iphoneos;
				SWIFT_ACTIVE_COMPILATION_CONDITIONS = DEBUG;
				SWIFT_OPTIMIZATION_LEVEL = "-Onone";
			};
			name = Debug;
		};
		43B4C1DF23BDFCFD0060518C /* Release */ = {
			isa = XCBuildConfiguration;
			buildSettings = {
				ALWAYS_SEARCH_USER_PATHS = NO;
				CLANG_ANALYZER_NONNULL = YES;
				CLANG_ANALYZER_NUMBER_OBJECT_CONVERSION = YES_AGGRESSIVE;
				CLANG_CXX_LANGUAGE_STANDARD = "gnu++14";
				CLANG_CXX_LIBRARY = "libc++";
				CLANG_ENABLE_MODULES = YES;
				CLANG_ENABLE_OBJC_ARC = YES;
				CLANG_ENABLE_OBJC_WEAK = YES;
				CLANG_WARN_BLOCK_CAPTURE_AUTORELEASING = YES;
				CLANG_WARN_BOOL_CONVERSION = YES;
				CLANG_WARN_COMMA = YES;
				CLANG_WARN_CONSTANT_CONVERSION = YES;
				CLANG_WARN_DEPRECATED_OBJC_IMPLEMENTATIONS = YES;
				CLANG_WARN_DIRECT_OBJC_ISA_USAGE = YES_ERROR;
				CLANG_WARN_DOCUMENTATION_COMMENTS = YES;
				CLANG_WARN_EMPTY_BODY = YES;
				CLANG_WARN_ENUM_CONVERSION = YES;
				CLANG_WARN_INFINITE_RECURSION = YES;
				CLANG_WARN_INT_CONVERSION = YES;
				CLANG_WARN_NON_LITERAL_NULL_CONVERSION = YES;
				CLANG_WARN_OBJC_IMPLICIT_RETAIN_SELF = YES;
				CLANG_WARN_OBJC_LITERAL_CONVERSION = YES;
				CLANG_WARN_OBJC_ROOT_CLASS = YES_ERROR;
				CLANG_WARN_RANGE_LOOP_ANALYSIS = YES;
				CLANG_WARN_STRICT_PROTOTYPES = YES;
				CLANG_WARN_SUSPICIOUS_MOVE = YES;
				CLANG_WARN_UNGUARDED_AVAILABILITY = YES_AGGRESSIVE;
				CLANG_WARN_UNREACHABLE_CODE = YES;
				CLANG_WARN__DUPLICATE_METHOD_MATCH = YES;
				COPY_PHASE_STRIP = NO;
				DEBUG_INFORMATION_FORMAT = "dwarf-with-dsym";
				ENABLE_NS_ASSERTIONS = NO;
				ENABLE_STRICT_OBJC_MSGSEND = YES;
				GCC_C_LANGUAGE_STANDARD = gnu11;
				GCC_NO_COMMON_BLOCKS = YES;
				GCC_WARN_64_TO_32_BIT_CONVERSION = YES;
				GCC_WARN_ABOUT_RETURN_TYPE = YES_ERROR;
				GCC_WARN_UNDECLARED_SELECTOR = YES;
				GCC_WARN_UNINITIALIZED_AUTOS = YES_AGGRESSIVE;
				GCC_WARN_UNUSED_FUNCTION = YES;
				GCC_WARN_UNUSED_VARIABLE = YES;
				IPHONEOS_DEPLOYMENT_TARGET = 13.2;
				MTL_ENABLE_DEBUG_INFO = NO;
				MTL_FAST_MATH = YES;
				SDKROOT = iphoneos;
				SWIFT_COMPILATION_MODE = wholemodule;
				SWIFT_OPTIMIZATION_LEVEL = "-O";
				VALIDATE_PRODUCT = YES;
			};
			name = Release;
		};
		43B4C1E123BDFCFD0060518C /* Debug */ = {
			isa = XCBuildConfiguration;
			buildSettings = {
				ASSETCATALOG_COMPILER_APPICON_NAME = AppIcon;
				CODE_SIGN_STYLE = Automatic;
				DEVELOPMENT_TEAM = YMM3A5B746;
				INFOPLIST_FILE = knockknocked/Info.plist;
				LD_RUNPATH_SEARCH_PATHS = (
					"$(inherited)",
					"@executable_path/Frameworks",
				);
				PRODUCT_BUNDLE_IDENTIFIER = pedram.knockknocked;
				PRODUCT_NAME = "$(TARGET_NAME)";
				SWIFT_VERSION = 5.0;
				TARGETED_DEVICE_FAMILY = "1,2";
			};
			name = Debug;
		};
		43B4C1E223BDFCFD0060518C /* Release */ = {
			isa = XCBuildConfiguration;
			buildSettings = {
				ASSETCATALOG_COMPILER_APPICON_NAME = AppIcon;
				CODE_SIGN_STYLE = Automatic;
				DEVELOPMENT_TEAM = YMM3A5B746;
				INFOPLIST_FILE = knockknocked/Info.plist;
				LD_RUNPATH_SEARCH_PATHS = (
					"$(inherited)",
					"@executable_path/Frameworks",
				);
				PRODUCT_BUNDLE_IDENTIFIER = pedram.knockknocked;
				PRODUCT_NAME = "$(TARGET_NAME)";
				SWIFT_VERSION = 5.0;
				TARGETED_DEVICE_FAMILY = "1,2";
			};
			name = Release;
		};
		43B4C1E423BDFCFD0060518C /* Debug */ = {
			isa = XCBuildConfiguration;
			buildSettings = {
				ALWAYS_EMBED_SWIFT_STANDARD_LIBRARIES = YES;
				BUNDLE_LOADER = "$(TEST_HOST)";
				CODE_SIGN_STYLE = Automatic;
				DEVELOPMENT_TEAM = YMM3A5B746;
				INFOPLIST_FILE = knockknockedTests/Info.plist;
				IPHONEOS_DEPLOYMENT_TARGET = 13.2;
				LD_RUNPATH_SEARCH_PATHS = (
					"$(inherited)",
					"@executable_path/Frameworks",
					"@loader_path/Frameworks",
				);
				PRODUCT_BUNDLE_IDENTIFIER = pedram.knockknockedTests;
				PRODUCT_NAME = "$(TARGET_NAME)";
				SWIFT_VERSION = 5.0;
				TARGETED_DEVICE_FAMILY = "1,2";
				TEST_HOST = "$(BUILT_PRODUCTS_DIR)/knockknocked.app/knockknocked";
			};
			name = Debug;
		};
		43B4C1E523BDFCFD0060518C /* Release */ = {
			isa = XCBuildConfiguration;
			buildSettings = {
				ALWAYS_EMBED_SWIFT_STANDARD_LIBRARIES = YES;
				BUNDLE_LOADER = "$(TEST_HOST)";
				CODE_SIGN_STYLE = Automatic;
				DEVELOPMENT_TEAM = YMM3A5B746;
				INFOPLIST_FILE = knockknockedTests/Info.plist;
				IPHONEOS_DEPLOYMENT_TARGET = 13.2;
				LD_RUNPATH_SEARCH_PATHS = (
					"$(inherited)",
					"@executable_path/Frameworks",
					"@loader_path/Frameworks",
				);
				PRODUCT_BUNDLE_IDENTIFIER = pedram.knockknockedTests;
				PRODUCT_NAME = "$(TARGET_NAME)";
				SWIFT_VERSION = 5.0;
				TARGETED_DEVICE_FAMILY = "1,2";
				TEST_HOST = "$(BUILT_PRODUCTS_DIR)/knockknocked.app/knockknocked";
			};
			name = Release;
		};
		43B4C1E723BDFCFD0060518C /* Debug */ = {
			isa = XCBuildConfiguration;
			buildSettings = {
				ALWAYS_EMBED_SWIFT_STANDARD_LIBRARIES = YES;
				CODE_SIGN_STYLE = Automatic;
				DEVELOPMENT_TEAM = YMM3A5B746;
				INFOPLIST_FILE = knockknockedUITests/Info.plist;
				LD_RUNPATH_SEARCH_PATHS = (
					"$(inherited)",
					"@executable_path/Frameworks",
					"@loader_path/Frameworks",
				);
				PRODUCT_BUNDLE_IDENTIFIER = pedram.knockknockedUITests;
				PRODUCT_NAME = "$(TARGET_NAME)";
				SWIFT_VERSION = 5.0;
				TARGETED_DEVICE_FAMILY = "1,2";
				TEST_TARGET_NAME = knockknocked;
			};
			name = Debug;
		};
		43B4C1E823BDFCFD0060518C /* Release */ = {
			isa = XCBuildConfiguration;
			buildSettings = {
				ALWAYS_EMBED_SWIFT_STANDARD_LIBRARIES = YES;
				CODE_SIGN_STYLE = Automatic;
				DEVELOPMENT_TEAM = YMM3A5B746;
				INFOPLIST_FILE = knockknockedUITests/Info.plist;
				LD_RUNPATH_SEARCH_PATHS = (
					"$(inherited)",
					"@executable_path/Frameworks",
					"@loader_path/Frameworks",
				);
				PRODUCT_BUNDLE_IDENTIFIER = pedram.knockknockedUITests;
				PRODUCT_NAME = "$(TARGET_NAME)";
				SWIFT_VERSION = 5.0;
				TARGETED_DEVICE_FAMILY = "1,2";
				TEST_TARGET_NAME = knockknocked;
			};
			name = Release;
		};
/* End XCBuildConfiguration section */

/* Begin XCConfigurationList section */
		43B4C1AE23BDFCFA0060518C /* Build configuration list for PBXProject "knockknocked" */ = {
			isa = XCConfigurationList;
			buildConfigurations = (
				43B4C1DE23BDFCFD0060518C /* Debug */,
				43B4C1DF23BDFCFD0060518C /* Release */,
			);
			defaultConfigurationIsVisible = 0;
			defaultConfigurationName = Release;
		};
		43B4C1E023BDFCFD0060518C /* Build configuration list for PBXNativeTarget "knockknocked" */ = {
			isa = XCConfigurationList;
			buildConfigurations = (
				43B4C1E123BDFCFD0060518C /* Debug */,
				43B4C1E223BDFCFD0060518C /* Release */,
			);
			defaultConfigurationIsVisible = 0;
			defaultConfigurationName = Release;
		};
		43B4C1E323BDFCFD0060518C /* Build configuration list for PBXNativeTarget "knockknockedTests" */ = {
			isa = XCConfigurationList;
			buildConfigurations = (
				43B4C1E423BDFCFD0060518C /* Debug */,
				43B4C1E523BDFCFD0060518C /* Release */,
			);
			defaultConfigurationIsVisible = 0;
			defaultConfigurationName = Release;
		};
		43B4C1E623BDFCFD0060518C /* Build configuration list for PBXNativeTarget "knockknockedUITests" */ = {
			isa = XCConfigurationList;
			buildConfigurations = (
				43B4C1E723BDFCFD0060518C /* Debug */,
				43B4C1E823BDFCFD0060518C /* Release */,
			);
			defaultConfigurationIsVisible = 0;
			defaultConfigurationName = Release;
		};
/* End XCConfigurationList section */

/* Begin XCVersionGroup section */
		43B4C1BF23BDFCFA0060518C /* knockknocked.xcdatamodeld */ = {
			isa = XCVersionGroup;
			children = (
				43B4C1C023BDFCFA0060518C /* knockknocked.xcdatamodel */,
			);
			currentVersion = 43B4C1C023BDFCFA0060518C /* knockknocked.xcdatamodel */;
			path = knockknocked.xcdatamodeld;
			sourceTree = "<group>";
			versionGroupType = wrapper.xcdatamodel;
		};
/* End XCVersionGroup section */
	};
	rootObject = 43B4C1AB23BDFCFA0060518C /* Project object */;
}
