PODS:
  - Alamofire (4.9.1)
  - CountdownLabel (4.0.1)
  - DropDown (2.3.13)
  - Firebase (6.13.0):
    - Firebase/Core (= 6.13.0)
  - Firebase/Analytics (6.13.0):
    - Firebase/Core
  - Firebase/Core (6.13.0):
    - Firebase/CoreOnly
    - FirebaseAnalytics (= 6.1.6)
  - Firebase/CoreOnly (6.13.0):
    - FirebaseCore (= 6.4.0)
  - FirebaseAnalytics (6.1.6):
    - FirebaseCore (~> 6.4)
    - FirebaseInstanceID (~> 4.2)
    - GoogleAppMeasurement (= 6.1.6)
    - GoogleUtilities/AppDelegateSwizzler (~> 6.0)
    - GoogleUtilities/MethodSwizzler (~> 6.0)
    - GoogleUtilities/Network (~> 6.0)
    - "GoogleUtilities/NSData+zlib (~> 6.0)"
    - nanopb (= 0.3.9011)
  - FirebaseAnalyticsInterop (1.4.0)
  - FirebaseAuth (6.4.0):
    - FirebaseAuthInterop (~> 1.0)
    - FirebaseCore (~> 6.2)
    - GoogleUtilities/AppDelegateSwizzler (~> 6.2)
    - GoogleUtilities/Environment (~> 6.2)
    - GTMSessionFetcher/Core (~> 1.1)
  - FirebaseAuthInterop (1.0.0)
  - FirebaseCore (6.4.0):
    - FirebaseCoreDiagnostics (~> 1.0)
    - FirebaseCoreDiagnosticsInterop (~> 1.0)
    - GoogleUtilities/Environment (~> 6.2)
    - GoogleUtilities/Logger (~> 6.2)
  - FirebaseCoreDiagnostics (1.1.2):
    - FirebaseCoreDiagnosticsInterop (~> 1.0)
    - GoogleDataTransportCCTSupport (~> 1.0)
    - GoogleUtilities/Environment (~> 6.2)
    - GoogleUtilities/Logger (~> 6.2)
    - nanopb (~> 0.3.901)
  - FirebaseCoreDiagnosticsInterop (1.1.0)
  - FirebaseInstanceID (4.2.7):
    - FirebaseCore (~> 6.0)
    - GoogleUtilities/Environment (~> 6.0)
    - GoogleUtilities/UserDefaults (~> 6.0)
  - FirebaseMessaging (4.1.9):
    - FirebaseAnalyticsInterop (~> 1.3)
    - FirebaseCore (~> 6.2)
    - FirebaseInstanceID (~> 4.1)
    - GoogleUtilities/AppDelegateSwizzler (~> 6.2)
    - GoogleUtilities/Environment (~> 6.2)
    - GoogleUtilities/Reachability (~> 6.2)
    - GoogleUtilities/UserDefaults (~> 6.2)
    - Protobuf (>= 3.9.2, ~> 3.9)
  - GoogleAppMeasurement (6.1.6):
    - GoogleUtilities/AppDelegateSwizzler (~> 6.0)
    - GoogleUtilities/MethodSwizzler (~> 6.0)
    - GoogleUtilities/Network (~> 6.0)
    - "GoogleUtilities/NSData+zlib (~> 6.0)"
    - nanopb (= 0.3.9011)
  - GoogleDataTransport (3.2.0)
  - GoogleDataTransportCCTSupport (1.2.2):
    - GoogleDataTransport (~> 3.2)
    - nanopb (~> 0.3.901)
  - GoogleMaps (3.6.0):
    - GoogleMaps/Maps (= 3.6.0)
  - GoogleMaps/Base (3.6.0)
  - GoogleMaps/Maps (3.6.0):
    - GoogleMaps/Base
  - GoogleUtilities/AppDelegateSwizzler (6.3.2):
    - GoogleUtilities/Environment
    - GoogleUtilities/Logger
    - GoogleUtilities/Network
  - GoogleUtilities/Environment (6.3.2)
  - GoogleUtilities/Logger (6.3.2):
    - GoogleUtilities/Environment
  - GoogleUtilities/MethodSwizzler (6.3.2):
    - GoogleUtilities/Logger
  - GoogleUtilities/Network (6.3.2):
    - GoogleUtilities/Logger
    - "GoogleUtilities/NSData+zlib"
    - GoogleUtilities/Reachability
  - "GoogleUtilities/NSData+zlib (6.3.2)"
  - GoogleUtilities/Reachability (6.3.2):
    - GoogleUtilities/Logger
  - GoogleUtilities/UserDefaults (6.3.2):
    - GoogleUtilities/Logger
  - GTMSessionFetcher/Core (1.3.0)
  - IBAnimatable (6.0.0)
  - lottie-ios (3.1.5)
  - Material (3.1.8):
    - Material/Core (= 3.1.8)
  - Material/Core (3.1.8):
    - Motion (~> 3.1.1)
  - MessengerKit (1.0.5)
  - Motion (3.1.3):
    - Motion/Core (= 3.1.3)
  - Motion/Core (3.1.3)
  - nanopb (0.3.9011):
    - nanopb/decode (= 0.3.9011)
    - nanopb/encode (= 0.3.9011)
  - nanopb/decode (0.3.9011)
  - nanopb/encode (0.3.9011)
  - PickerView (0.4.0)
  - Presentr (1.9)
  - Protobuf (3.11.0)
  - ReachabilitySwift (5.0.0)
  - SDWebImage (5.3.2):
    - SDWebImage/Core (= 5.3.2)
  - SDWebImage/Core (5.3.2)
  - SideMenuSwift (2.0.3)
  - Starscream (3.1.1)
  - SwiftGifOrigin (1.7.0)
  - SwiftyJSON (5.0.0)
  - TableFlip (1.3)
  - TextFieldEffects (1.6.0)
  - VACalendar (1.3)

DEPENDENCIES:
  - Alamofire
  - CountdownLabel
  - DropDown
  - Firebase
  - Firebase/Analytics
  - FirebaseAuth
  - FirebaseCore
  - FirebaseInstanceID
  - FirebaseMessaging
  - GoogleMaps
  - IBAnimatable
  - lottie-ios
  - Material
  - MessengerKit (from `https://github.com/steve228uk/MessengerKit.git`)
  - PickerView
  - Presentr
  - ReachabilitySwift
  - SDWebImage
  - SideMenuSwift
  - Starscream
  - SwiftGifOrigin
  - SwiftyJSON
  - TableFlip
  - TextFieldEffects
  - VACalendar

SPEC REPOS:
  https://github.com/cocoapods/specs.git:
    - Alamofire
    - CountdownLabel
    - DropDown
    - Firebase
    - FirebaseAnalytics
    - FirebaseAnalyticsInterop
    - FirebaseAuth
    - FirebaseAuthInterop
    - FirebaseCore
    - FirebaseCoreDiagnostics
    - FirebaseCoreDiagnosticsInterop
    - FirebaseInstanceID
    - FirebaseMessaging
    - GoogleAppMeasurement
    - GoogleDataTransport
    - GoogleDataTransportCCTSupport
    - GoogleMaps
    - GoogleUtilities
    - GTMSessionFetcher
    - IBAnimatable
    - lottie-ios
    - Material
    - Motion
    - nanopb
    - PickerView
    - Presentr
    - Protobuf
    - ReachabilitySwift
    - SDWebImage
    - SideMenuSwift
    - Starscream
    - SwiftGifOrigin
    - SwiftyJSON
    - TableFlip
    - TextFieldEffects
    - VACalendar

EXTERNAL SOURCES:
  MessengerKit:
    :git: https://github.com/steve228uk/MessengerKit.git

CHECKOUT OPTIONS:
  MessengerKit:
    :commit: e033ac2dc066a7243c86e8e45ffbd95547cf1ad1
    :git: https://github.com/steve228uk/MessengerKit.git

SPEC CHECKSUMS:
  Alamofire: 85e8a02c69d6020a0d734f6054870d7ecb75cf18
  CountdownLabel: c9975e3f329140b5e7d1f45cd63b1300badd1712
  DropDown: 8a2116376c1981888557f72ec2ffc9a5e0e456ec
  Firebase: 458d109512200d1aca2e1b9b6cf7d68a869a4a46
  FirebaseAnalytics: 45f36d9c429fc91d206283900ab75390cd05ee8a
  FirebaseAnalyticsInterop: d48b6ab67bcf016a05e55b71fc39c61c0cb6b7f3
  FirebaseAuth: 7d0f84873926f6648bbd1391a318dfb1a26b5e4f
  FirebaseAuthInterop: 0ffa57668be100582bb7643d4fcb7615496c41fc
  FirebaseCore: 307ea2508df730c5865334e41965bd9ea344b0e5
  FirebaseCoreDiagnostics: 511f4f3ed7d440bb69127e8b97c2bc8befae639e
  FirebaseCoreDiagnosticsInterop: e9b1b023157e3a2fc6418b5cb601e79b9af7b3a0
  FirebaseInstanceID: ebd2ea79ee38db0cb5f5167b17a0d387e1cc7b6e
  FirebaseMessaging: e8d71368a5c579083da02203146c953f3386d503
  GoogleAppMeasurement: dfe55efa543e899d906309eaaac6ca26d249862f
  GoogleDataTransport: 8e9b210c97d55fbff306cc5468ff91b9cb32dcf5
  GoogleDataTransportCCTSupport: ef79a4728b864946a8aafdbab770d5294faf3b5f
  GoogleMaps: 82f8fe307193bb4de6ef6bf9e88f1d624b718f9d
  GoogleUtilities: 547a86735c6f0ee30ad17e94df4fc21f616b71cb
  GTMSessionFetcher: 43b8b64263023d4f32caa0b40f4c8bfa3c5f36d8
  IBAnimatable: d49f9fee0c401b5b08d31b77256b77fb067e0e92
  lottie-ios: 32bf84389337d86fbc8b12266e88452e0abf1dee
  Material: a2a3f400a3b549d53ef89e56c58c4535b29db387
  MessengerKit: a495f54dbc70562ddb45ef5f4a9ec8527688a78d
  Motion: cf1e060e489f6661126374d5c60dbd2ed991605c
  nanopb: 18003b5e52dab79db540fe93fe9579f399bd1ccd
  PickerView: a736ea986d992aa3ef32423f475fdf3f3a0cf7d4
  Presentr: 7078d7eb5d1661ebeaae60c9e42a1e534de1b993
  Protobuf: 394b2bf29ec303f4325e3ee4892c09e675647152
  ReachabilitySwift: 985039c6f7b23a1da463388634119492ff86c825
  SDWebImage: 6ac2eb96571bff96ecde31a987172c5934a0eb7d
  SideMenuSwift: 5c2b1496544ce3f1f08f4dddf4810eaac49f543d
  Starscream: 4bb2f9942274833f7b4d296a55504dcfc7edb7b0
  SwiftGifOrigin: fbd6cf37afcfcf97a5c3db996ddc0492e5c5c145
  SwiftyJSON: 36413e04c44ee145039d332b4f4e2d3e8d6c4db7
  TableFlip: 2bd0375d9d0b29f7bbd500a236dba560a0e00618
  TextFieldEffects: 529b8aff706fb40f82c41c780c0777941a893796
  VACalendar: 3e5a001cbf437ebed2bcfc747f3187e555d65175

PODFILE CHECKSUM: 663ab9fcd3fa2cf9eccc9a28a18ac4f33bfb744a

COCOAPODS: 1.5.2
